
Microsoft Visual Studio Solution File, Format Version 12.00
# Visual Studio Version 16
VisualStudioVersion = 16.0.29613.14
MinimumVisualStudioVersion = 10.0.40219.1
Project("{FAE04EC0-301F-11D3-BF4B-00C04F79EFBC}") = "SfDataGridDemo", "SfDataGridDemo.csproj", "{848E9DF1-FF56-46FE-B335-7F02137DE64D}"
EndProject
Global
	GlobalSection(SolutionConfigurationPlatforms) = preSolution
		Debug|ARM = Debug|ARM
		Debug|ARM64 = Debug|ARM64
		Debug|x64 = Debug|x64
		Debug|x86 = Debug|x86
		Release|ARM = Release|ARM
		Release|ARM64 = Release|ARM64
		Release|x64 = Release|x64
		Release|x86 = Release|x86
	EndGlobalSection
	GlobalSection(ProjectConfigurationPlatforms) = postSolution
		{848E9DF1-FF56-46FE-B335-7F02137DE64D}.Debug|ARM.ActiveCfg = Debug|ARM
		{848E9DF1-FF56-46FE-B335-7F02137DE64D}.Debug|ARM.Build.0 = Debug|ARM
		{848E9DF1-FF56-46FE-B335-7F02137DE64D}.Debug|ARM.Deploy.0 = Debug|ARM
		{848E9DF1-FF56-46FE-B335-7F02137DE64D}.Debug|ARM64.ActiveCfg = Debug|ARM64
		{848E9DF1-FF56-46FE-B335-7F02137DE64D}.Debug|ARM64.Build.0 = Debug|ARM64
		{848E9DF1-FF56-46FE-B335-7F02137DE64D}.Debug|ARM64.Deploy.0 = Debug|ARM64
		{848E9DF1-FF56-46FE-B335-7F02137DE64D}.Debug|x64.ActiveCfg = Debug|x64
		{848E9DF1-FF56-46FE-B335-7F02137DE64D}.Debug|x64.Build.0 = Debug|x64
		{848E9DF1-FF56-46FE-B335-7F02137DE64D}.Debug|x64.Deploy.0 = Debug|x64
		{848E9DF1-FF56-46FE-B335-7F02137DE64D}.Debug|x86.ActiveCfg = Debug|x86
		{848E9DF1-FF56-46FE-B335-7F02137DE64D}.Debug|x86.Build.0 = Debug|x86
		{848E9DF1-FF56-46FE-B335-7F02137DE64D}.Debug|x86.Deploy.0 = Debug|x86
		{848E9DF1-FF56-46FE-B335-7F02137DE64D}.Release|ARM.ActiveCfg = Release|ARM
		{848E9DF1-FF56-46FE-B335-7F02137DE64D}.Release|ARM.Build.0 = Release|ARM
		{848E9DF1-FF56-46FE-B335-7F02137DE64D}.Release|ARM.Deploy.0 = Release|ARM
		{848E9DF1-FF56-46FE-B335-7F02137DE64D}.Release|ARM64.ActiveCfg = Release|ARM64
		{848E9DF1-FF56-46FE-B335-7F02137DE64D}.Release|ARM64.Build.0 = Release|ARM64
		{848E9DF1-FF56-46FE-B335-7F02137DE64D}.Release|ARM64.Deploy.0 = Release|ARM64
		{848E9DF1-FF56-46FE-B335-7F02137DE64D}.Release|x64.ActiveCfg = Release|x64
		{848E9DF1-FF56-46FE-B335-7F02137DE64D}.Release|x64.Build.0 = Release|x64
		{848E9DF1-FF56-46FE-B335-7F02137DE64D}.Release|x64.Deploy.0 = Release|x64
		{848E9DF1-FF56-46FE-B335-7F02137DE64D}.Release|x86.ActiveCfg = Release|x86
		{848E9DF1-FF56-46FE-B335-7F02137DE64D}.Release|x86.Build.0 = Release|x86
		{848E9DF1-FF56-46FE-B335-7F02137DE64D}.Release|x86.Deploy.0 = Release|x86
	EndGlobalSection
	GlobalSection(SolutionProperties) = preSolution
		HideSolutionNode = FALSE
	EndGlobalSection
	GlobalSection(ExtensibilityGlobals) = postSolution
		SolutionGuid = {D9844861-32BA-4671-BB23-F836A04111DC}
	EndGlobalSection
EndGlobal
